
Microsoft Visual Studio Solution File, Format Version 11.00
# Visual Studio 2010
Project("{FAE04EC0-301F-11D3-BF4B-00C04F79EFBC}") = "BYSJXT.BLL", "BYSJXT.BLL\BYSJXT.BLL.csproj", "{775CA0F3-B0E4-429F-AD7B-82D6AEEBD507}"
EndProject
Project("{FAE04EC0-301F-11D3-BF4B-00C04F79EFBC}") = "BYSJXT.Common", "BYSJXT.Common\BYSJXT.Common.csproj", "{861B5ECD-BB1A-4554-9CEB-B8B076E7065A}"
EndProject
Project("{FAE04EC0-301F-11D3-BF4B-00C04F79EFBC}") = "BYSJXT.EFDAL", "BYSJXT.EFDAL\BYSJXT.EFDAL.csproj", "{585768BA-B68D-40AD-8B76-0671F50DAFC3}"
EndProject
Project("{FAE04EC0-301F-11D3-BF4B-00C04F79EFBC}") = "BYSJXT.IBLL", "BYSJXT.IBLL\BYSJXT.IBLL.csproj", "{38B9BE1E-F7D4-412D-93DB-50E7ED6DDB50}"
EndProject
Project("{FAE04EC0-301F-11D3-BF4B-00C04F79EFBC}") = "BYSJXT.IDAL", "BYSJXT.IDAL\BYSJXT.IDAL.csproj", "{F5BD83FB-66F4-4274-A8E8-6FAD21864AE3}"
EndProject
Project("{FAE04EC0-301F-11D3-BF4B-00C04F79EFBC}") = "BYSJXT.UI", "BYSJXT.UI\BYSJXT.UI.csproj", "{93164D4F-4DEC-4DCE-BD6E-125F76BF13F0}"
EndProject
Project("{FAE04EC0-301F-11D3-BF4B-00C04F79EFBC}") = "BYSJXT.Model", "BYSJXT.Model\BYSJXT.Model.csproj", "{E3F3626D-9353-42B4-BC66-3292415D5A4C}"
EndProject
Global
	GlobalSection(SolutionConfigurationPlatforms) = preSolution
		Debug|Any CPU = Debug|Any CPU
		Release|Any CPU = Release|Any CPU
	EndGlobalSection
	GlobalSection(ProjectConfigurationPlatforms) = postSolution
		{775CA0F3-B0E4-429F-AD7B-82D6AEEBD507}.Debug|Any CPU.ActiveCfg = Debug|Any CPU
		{775CA0F3-B0E4-429F-AD7B-82D6AEEBD507}.Debug|Any CPU.Build.0 = Debug|Any CPU
		{775CA0F3-B0E4-429F-AD7B-82D6AEEBD507}.Release|Any CPU.ActiveCfg = Release|Any CPU
		{775CA0F3-B0E4-429F-AD7B-82D6AEEBD507}.Release|Any CPU.Build.0 = Release|Any CPU
		{861B5ECD-BB1A-4554-9CEB-B8B076E7065A}.Debug|Any CPU.ActiveCfg = Debug|Any CPU
		{861B5ECD-BB1A-4554-9CEB-B8B076E7065A}.Debug|Any CPU.Build.0 = Debug|Any CPU
		{861B5ECD-BB1A-4554-9CEB-B8B076E7065A}.Release|Any CPU.ActiveCfg = Release|Any CPU
		{861B5ECD-BB1A-4554-9CEB-B8B076E7065A}.Release|Any CPU.Build.0 = Release|Any CPU
		{585768BA-B68D-40AD-8B76-0671F50DAFC3}.Debug|Any CPU.ActiveCfg = Debug|Any CPU
		{585768BA-B68D-40AD-8B76-0671F50DAFC3}.Debug|Any CPU.Build.0 = Debug|Any CPU
		{585768BA-B68D-40AD-8B76-0671F50DAFC3}.Release|Any CPU.ActiveCfg = Release|Any CPU
		{585768BA-B68D-40AD-8B76-0671F50DAFC3}.Release|Any CPU.Build.0 = Release|Any CPU
		{38B9BE1E-F7D4-412D-93DB-50E7ED6DDB50}.Debug|Any CPU.ActiveCfg = Debug|Any CPU
		{38B9BE1E-F7D4-412D-93DB-50E7ED6DDB50}.Debug|Any CPU.Build.0 = Debug|Any CPU
		{38B9BE1E-F7D4-412D-93DB-50E7ED6DDB50}.Release|Any CPU.ActiveCfg = Release|Any CPU
		{38B9BE1E-F7D4-412D-93DB-50E7ED6DDB50}.Release|Any CPU.Build.0 = Release|Any CPU
		{F5BD83FB-66F4-4274-A8E8-6FAD21864AE3}.Debug|Any CPU.ActiveCfg = Debug|Any CPU
		{F5BD83FB-66F4-4274-A8E8-6FAD21864AE3}.Debug|Any CPU.Build.0 = Debug|Any CPU
		{F5BD83FB-66F4-4274-A8E8-6FAD21864AE3}.Release|Any CPU.ActiveCfg = Release|Any CPU
		{F5BD83FB-66F4-4274-A8E8-6FAD21864AE3}.Release|Any CPU.Build.0 = Release|Any CPU
		{93164D4F-4DEC-4DCE-BD6E-125F76BF13F0}.Debug|Any CPU.ActiveCfg = Debug|Any CPU
		{93164D4F-4DEC-4DCE-BD6E-125F76BF13F0}.Debug|Any CPU.Build.0 = Debug|Any CPU
		{93164D4F-4DEC-4DCE-BD6E-125F76BF13F0}.Release|Any CPU.ActiveCfg = Release|Any CPU
		{93164D4F-4DEC-4DCE-BD6E-125F76BF13F0}.Release|Any CPU.Build.0 = Release|Any CPU
		{E3F3626D-9353-42B4-BC66-3292415D5A4C}.Debug|Any CPU.ActiveCfg = Debug|Any CPU
		{E3F3626D-9353-42B4-BC66-3292415D5A4C}.Debug|Any CPU.Build.0 = Debug|Any CPU
		{E3F3626D-9353-42B4-BC66-3292415D5A4C}.Release|Any CPU.ActiveCfg = Release|Any CPU
		{E3F3626D-9353-42B4-BC66-3292415D5A4C}.Release|Any CPU.Build.0 = Release|Any CPU
	EndGlobalSection
	GlobalSection(SolutionProperties) = preSolution
		HideSolutionNode = FALSE
	EndGlobalSection
EndGlobal
